
Microsoft Visual Studio Solution File, Format Version 12.00
# Visual Studio Version 16
VisualStudioVersion = 16.0.29519.181
MinimumVisualStudioVersion = 10.0.40219.1
Project("{9A19103F-16F7-4668-BE54-9A1E7A4F7556}") = "Billmanager", "Billmanager\Billmanager\Billmanager.csproj", "{70AD844E-0F5F-4028-BF4E-CF29B14A035A}"
EndProject
Project("{FAE04EC0-301F-11D3-BF4B-00C04F79EFBC}") = "Billmanager.Android", "Billmanager\Billmanager.Android\Billmanager.Android.csproj", "{9EE41F63-BA05-44F4-BEAA-AAE02E3343C5}"
EndProject
Project("{FAE04EC0-301F-11D3-BF4B-00C04F79EFBC}") = "Billmanager.iOS", "Billmanager\Billmanager.iOS\Billmanager.iOS.csproj", "{82C68DAF-35EF-4B08-A2F5-BF4805562455}"
EndProject
Project("{FAE04EC0-301F-11D3-BF4B-00C04F79EFBC}") = "Billmanager.UWP", "Billmanager\Billmanager.UWP\Billmanager.UWP.csproj", "{B4899EBF-5026-41C6-9F9C-0A2A56B22EFA}"
EndProject
Project("{9A19103F-16F7-4668-BE54-9A1E7A4F7556}") = "Billmanager.Translations", "Billmanager\Billmanager.Translations\Billmanager.Translations.csproj", "{0443093D-7F54-4667-B850-B274D464F08E}"
EndProject
Project("{9A19103F-16F7-4668-BE54-9A1E7A4F7556}") = "Billmanager.Interfaces", "Interfaces\Billmanager.Interfaces.csproj", "{DBD4695E-0F72-42AC-A6D3-CB967F15121A}"
EndProject
Project("{9A19103F-16F7-4668-BE54-9A1E7A4F7556}") = "Billmanager.Database", "Billmanager\Billmanager.Database\Billmanager.Database.csproj", "{E701A4BF-42B3-4199-AC82-2D800B026D68}"
EndProject
Project("{FAE04EC0-301F-11D3-BF4B-00C04F79EFBC}") = "Billmanager.Pdf", "Billmanager\Billmanager.Pdf\Billmanager.Pdf\Billmanager.Pdf.csproj", "{62F81F74-36BF-45DC-B1C6-B7C84CF3127A}"
EndProject
Global
	GlobalSection(SolutionConfigurationPlatforms) = preSolution
		Ad-Hoc|Any CPU = Ad-Hoc|Any CPU
		Ad-Hoc|ARM = Ad-Hoc|ARM
		Ad-Hoc|iPhone = Ad-Hoc|iPhone
		Ad-Hoc|iPhoneSimulator = Ad-Hoc|iPhoneSimulator
		Ad-Hoc|x64 = Ad-Hoc|x64
		Ad-Hoc|x86 = Ad-Hoc|x86
		AppStore|Any CPU = AppStore|Any CPU
		AppStore|ARM = AppStore|ARM
		AppStore|iPhone = AppStore|iPhone
		AppStore|iPhoneSimulator = AppStore|iPhoneSimulator
		AppStore|x64 = AppStore|x64
		AppStore|x86 = AppStore|x86
		Debug|Any CPU = Debug|Any CPU
		Debug|ARM = Debug|ARM
		Debug|iPhone = Debug|iPhone
		Debug|iPhoneSimulator = Debug|iPhoneSimulator
		Debug|x64 = Debug|x64
		Debug|x86 = Debug|x86
		Release|Any CPU = Release|Any CPU
		Release|ARM = Release|ARM
		Release|iPhone = Release|iPhone
		Release|iPhoneSimulator = Release|iPhoneSimulator
		Release|x64 = Release|x64
		Release|x86 = Release|x86
	EndGlobalSection
	GlobalSection(ProjectConfigurationPlatforms) = postSolution
		{70AD844E-0F5F-4028-BF4E-CF29B14A035A}.Ad-Hoc|Any CPU.ActiveCfg = Debug|Any CPU
		{70AD844E-0F5F-4028-BF4E-CF29B14A035A}.Ad-Hoc|Any CPU.Build.0 = Debug|Any CPU
		{70AD844E-0F5F-4028-BF4E-CF29B14A035A}.Ad-Hoc|ARM.ActiveCfg = Debug|Any CPU
		{70AD844E-0F5F-4028-BF4E-CF29B14A035A}.Ad-Hoc|ARM.Build.0 = Debug|Any CPU
		{70AD844E-0F5F-4028-BF4E-CF29B14A035A}.Ad-Hoc|iPhone.ActiveCfg = Debug|Any CPU
		{70AD844E-0F5F-4028-BF4E-CF29B14A035A}.Ad-Hoc|iPhone.Build.0 = Debug|Any CPU
		{70AD844E-0F5F-4028-BF4E-CF29B14A035A}.Ad-Hoc|iPhoneSimulator.ActiveCfg = Debug|Any CPU
		{70AD844E-0F5F-4028-BF4E-CF29B14A035A}.Ad-Hoc|iPhoneSimulator.Build.0 = Debug|Any CPU
		{70AD844E-0F5F-4028-BF4E-CF29B14A035A}.Ad-Hoc|x64.ActiveCfg = Debug|Any CPU
		{70AD844E-0F5F-4028-BF4E-CF29B14A035A}.Ad-Hoc|x64.Build.0 = Debug|Any CPU
		{70AD844E-0F5F-4028-BF4E-CF29B14A035A}.Ad-Hoc|x86.ActiveCfg = Debug|Any CPU
		{70AD844E-0F5F-4028-BF4E-CF29B14A035A}.Ad-Hoc|x86.Build.0 = Debug|Any CPU
		{70AD844E-0F5F-4028-BF4E-CF29B14A035A}.AppStore|Any CPU.ActiveCfg = Debug|Any CPU
		{70AD844E-0F5F-4028-BF4E-CF29B14A035A}.AppStore|Any CPU.Build.0 = Debug|Any CPU
		{70AD844E-0F5F-4028-BF4E-CF29B14A035A}.AppStore|ARM.ActiveCfg = Debug|Any CPU
		{70AD844E-0F5F-4028-BF4E-CF29B14A035A}.AppStore|ARM.Build.0 = Debug|Any CPU
		{70AD844E-0F5F-4028-BF4E-CF29B14A035A}.AppStore|iPhone.ActiveCfg = Debug|Any CPU
		{70AD844E-0F5F-4028-BF4E-CF29B14A035A}.AppStore|iPhone.Build.0 = Debug|Any CPU
		{70AD844E-0F5F-4028-BF4E-CF29B14A035A}.AppStore|iPhoneSimulator.ActiveCfg = Debug|Any CPU
		{70AD844E-0F5F-4028-BF4E-CF29B14A035A}.AppStore|iPhoneSimulator.Build.0 = Debug|Any CPU
		{70AD844E-0F5F-4028-BF4E-CF29B14A035A}.AppStore|x64.ActiveCfg = Debug|Any CPU
		{70AD844E-0F5F-4028-BF4E-CF29B14A035A}.AppStore|x64.Build.0 = Debug|Any CPU
		{70AD844E-0F5F-4028-BF4E-CF29B14A035A}.AppStore|x86.ActiveCfg = Debug|Any CPU
		{70AD844E-0F5F-4028-BF4E-CF29B14A035A}.AppStore|x86.Build.0 = Debug|Any CPU
		{70AD844E-0F5F-4028-BF4E-CF29B14A035A}.Debug|Any CPU.ActiveCfg = Debug|Any CPU
		{70AD844E-0F5F-4028-BF4E-CF29B14A035A}.Debug|Any CPU.Build.0 = Debug|Any CPU
		{70AD844E-0F5F-4028-BF4E-CF29B14A035A}.Debug|ARM.ActiveCfg = Debug|Any CPU
		{70AD844E-0F5F-4028-BF4E-CF29B14A035A}.Debug|ARM.Build.0 = Debug|Any CPU
		{70AD844E-0F5F-4028-BF4E-CF29B14A035A}.Debug|iPhone.ActiveCfg = Debug|Any CPU
		{70AD844E-0F5F-4028-BF4E-CF29B14A035A}.Debug|iPhone.Build.0 = Debug|Any CPU
		{70AD844E-0F5F-4028-BF4E-CF29B14A035A}.Debug|iPhoneSimulator.ActiveCfg = Debug|Any CPU
		{70AD844E-0F5F-4028-BF4E-CF29B14A035A}.Debug|iPhoneSimulator.Build.0 = Debug|Any CPU
		{70AD844E-0F5F-4028-BF4E-CF29B14A035A}.Debug|x64.ActiveCfg = Debug|Any CPU
		{70AD844E-0F5F-4028-BF4E-CF29B14A035A}.Debug|x64.Build.0 = Debug|Any CPU
		{70AD844E-0F5F-4028-BF4E-CF29B14A035A}.Debug|x86.ActiveCfg = Debug|Any CPU
		{70AD844E-0F5F-4028-BF4E-CF29B14A035A}.Debug|x86.Build.0 = Debug|Any CPU
		{70AD844E-0F5F-4028-BF4E-CF29B14A035A}.Release|Any CPU.ActiveCfg = Release|Any CPU
		{70AD844E-0F5F-4028-BF4E-CF29B14A035A}.Release|Any CPU.Build.0 = Release|Any CPU
		{70AD844E-0F5F-4028-BF4E-CF29B14A035A}.Release|ARM.ActiveCfg = Release|Any CPU
		{70AD844E-0F5F-4028-BF4E-CF29B14A035A}.Release|ARM.Build.0 = Release|Any CPU
		{70AD844E-0F5F-4028-BF4E-CF29B14A035A}.Release|iPhone.ActiveCfg = Release|Any CPU
		{70AD844E-0F5F-4028-BF4E-CF29B14A035A}.Release|iPhone.Build.0 = Release|Any CPU
		{70AD844E-0F5F-4028-BF4E-CF29B14A035A}.Release|iPhoneSimulator.ActiveCfg = Release|Any CPU
		{70AD844E-0F5F-4028-BF4E-CF29B14A035A}.Release|iPhoneSimulator.Build.0 = Release|Any CPU
		{70AD844E-0F5F-4028-BF4E-CF29B14A035A}.Release|x64.ActiveCfg = Release|Any CPU
		{70AD844E-0F5F-4028-BF4E-CF29B14A035A}.Release|x64.Build.0 = Release|Any CPU
		{70AD844E-0F5F-4028-BF4E-CF29B14A035A}.Release|x86.ActiveCfg = Release|Any CPU
		{70AD844E-0F5F-4028-BF4E-CF29B14A035A}.Release|x86.Build.0 = Release|Any CPU
		{9EE41F63-BA05-44F4-BEAA-AAE02E3343C5}.Ad-Hoc|Any CPU.ActiveCfg = Release|Any CPU
		{9EE41F63-BA05-44F4-BEAA-AAE02E3343C5}.Ad-Hoc|Any CPU.Build.0 = Release|Any CPU
		{9EE41F63-BA05-44F4-BEAA-AAE02E3343C5}.Ad-Hoc|Any CPU.Deploy.0 = Release|Any CPU
		{9EE41F63-BA05-44F4-BEAA-AAE02E3343C5}.Ad-Hoc|ARM.ActiveCfg = Release|Any CPU
		{9EE41F63-BA05-44F4-BEAA-AAE02E3343C5}.Ad-Hoc|ARM.Build.0 = Release|Any CPU
		{9EE41F63-BA05-44F4-BEAA-AAE02E3343C5}.Ad-Hoc|ARM.Deploy.0 = Release|Any CPU
		{9EE41F63-BA05-44F4-BEAA-AAE02E3343C5}.Ad-Hoc|iPhone.ActiveCfg = Release|Any CPU
		{9EE41F63-BA05-44F4-BEAA-AAE02E3343C5}.Ad-Hoc|iPhone.Build.0 = Release|Any CPU
		{9EE41F63-BA05-44F4-BEAA-AAE02E3343C5}.Ad-Hoc|iPhone.Deploy.0 = Release|Any CPU
		{9EE41F63-BA05-44F4-BEAA-AAE02E3343C5}.Ad-Hoc|iPhoneSimulator.ActiveCfg = Release|Any CPU
		{9EE41F63-BA05-44F4-BEAA-AAE02E3343C5}.Ad-Hoc|iPhoneSimulator.Build.0 = Release|Any CPU
		{9EE41F63-BA05-44F4-BEAA-AAE02E3343C5}.Ad-Hoc|iPhoneSimulator.Deploy.0 = Release|Any CPU
		{9EE41F63-BA05-44F4-BEAA-AAE02E3343C5}.Ad-Hoc|x64.ActiveCfg = Release|Any CPU
		{9EE41F63-BA05-44F4-BEAA-AAE02E3343C5}.Ad-Hoc|x64.Build.0 = Release|Any CPU
		{9EE41F63-BA05-44F4-BEAA-AAE02E3343C5}.Ad-Hoc|x64.Deploy.0 = Release|Any CPU
		{9EE41F63-BA05-44F4-BEAA-AAE02E3343C5}.Ad-Hoc|x86.ActiveCfg = Release|Any CPU
		{9EE41F63-BA05-44F4-BEAA-AAE02E3343C5}.Ad-Hoc|x86.Build.0 = Release|Any CPU
		{9EE41F63-BA05-44F4-BEAA-AAE02E3343C5}.Ad-Hoc|x86.Deploy.0 = Release|Any CPU
		{9EE41F63-BA05-44F4-BEAA-AAE02E3343C5}.AppStore|Any CPU.ActiveCfg = Release|Any CPU
		{9EE41F63-BA05-44F4-BEAA-AAE02E3343C5}.AppStore|Any CPU.Build.0 = Release|Any CPU
		{9EE41F63-BA05-44F4-BEAA-AAE02E3343C5}.AppStore|Any CPU.Deploy.0 = Release|Any CPU
		{9EE41F63-BA05-44F4-BEAA-AAE02E3343C5}.AppStore|ARM.ActiveCfg = Release|Any CPU
		{9EE41F63-BA05-44F4-BEAA-AAE02E3343C5}.AppStore|ARM.Build.0 = Release|Any CPU
		{9EE41F63-BA05-44F4-BEAA-AAE02E3343C5}.AppStore|ARM.Deploy.0 = Release|Any CPU
		{9EE41F63-BA05-44F4-BEAA-AAE02E3343C5}.AppStore|iPhone.ActiveCfg = Release|Any CPU
		{9EE41F63-BA05-44F4-BEAA-AAE02E3343C5}.AppStore|iPhone.Build.0 = Release|Any CPU
		{9EE41F63-BA05-44F4-BEAA-AAE02E3343C5}.AppStore|iPhone.Deploy.0 = Release|Any CPU
		{9EE41F63-BA05-44F4-BEAA-AAE02E3343C5}.AppStore|iPhoneSimulator.ActiveCfg = Release|Any CPU
		{9EE41F63-BA05-44F4-BEAA-AAE02E3343C5}.AppStore|iPhoneSimulator.Build.0 = Release|Any CPU
		{9EE41F63-BA05-44F4-BEAA-AAE02E3343C5}.AppStore|iPhoneSimulator.Deploy.0 = Release|Any CPU
		{9EE41F63-BA05-44F4-BEAA-AAE02E3343C5}.AppStore|x64.ActiveCfg = Release|Any CPU
		{9EE41F63-BA05-44F4-BEAA-AAE02E3343C5}.AppStore|x64.Build.0 = Release|Any CPU
		{9EE41F63-BA05-44F4-BEAA-AAE02E3343C5}.AppStore|x64.Deploy.0 = Release|Any CPU
		{9EE41F63-BA05-44F4-BEAA-AAE02E3343C5}.AppStore|x86.ActiveCfg = Release|Any CPU
		{9EE41F63-BA05-44F4-BEAA-AAE02E3343C5}.AppStore|x86.Build.0 = Release|Any CPU
		{9EE41F63-BA05-44F4-BEAA-AAE02E3343C5}.AppStore|x86.Deploy.0 = Release|Any CPU
		{9EE41F63-BA05-44F4-BEAA-AAE02E3343C5}.Debug|Any CPU.ActiveCfg = Debug|Any CPU
		{9EE41F63-BA05-44F4-BEAA-AAE02E3343C5}.Debug|Any CPU.Build.0 = Debug|Any CPU
		{9EE41F63-BA05-44F4-BEAA-AAE02E3343C5}.Debug|Any CPU.Deploy.0 = Debug|Any CPU
		{9EE41F63-BA05-44F4-BEAA-AAE02E3343C5}.Debug|ARM.ActiveCfg = Debug|Any CPU
		{9EE41F63-BA05-44F4-BEAA-AAE02E3343C5}.Debug|ARM.Build.0 = Debug|Any CPU
		{9EE41F63-BA05-44F4-BEAA-AAE02E3343C5}.Debug|ARM.Deploy.0 = Debug|Any CPU
		{9EE41F63-BA05-44F4-BEAA-AAE02E3343C5}.Debug|iPhone.ActiveCfg = Debug|Any CPU
		{9EE41F63-BA05-44F4-BEAA-AAE02E3343C5}.Debug|iPhone.Build.0 = Debug|Any CPU
		{9EE41F63-BA05-44F4-BEAA-AAE02E3343C5}.Debug|iPhone.Deploy.0 = Debug|Any CPU
		{9EE41F63-BA05-44F4-BEAA-AAE02E3343C5}.Debug|iPhoneSimulator.ActiveCfg = Debug|Any CPU
		{9EE41F63-BA05-44F4-BEAA-AAE02E3343C5}.Debug|iPhoneSimulator.Build.0 = Debug|Any CPU
		{9EE41F63-BA05-44F4-BEAA-AAE02E3343C5}.Debug|iPhoneSimulator.Deploy.0 = Debug|Any CPU
		{9EE41F63-BA05-44F4-BEAA-AAE02E3343C5}.Debug|x64.ActiveCfg = Debug|Any CPU
		{9EE41F63-BA05-44F4-BEAA-AAE02E3343C5}.Debug|x64.Build.0 = Debug|Any CPU
		{9EE41F63-BA05-44F4-BEAA-AAE02E3343C5}.Debug|x64.Deploy.0 = Debug|Any CPU
		{9EE41F63-BA05-44F4-BEAA-AAE02E3343C5}.Debug|x86.ActiveCfg = Debug|Any CPU
		{9EE41F63-BA05-44F4-BEAA-AAE02E3343C5}.Debug|x86.Build.0 = Debug|Any CPU
		{9EE41F63-BA05-44F4-BEAA-AAE02E3343C5}.Debug|x86.Deploy.0 = Debug|Any CPU
		{9EE41F63-BA05-44F4-BEAA-AAE02E3343C5}.Release|Any CPU.ActiveCfg = Release|Any CPU
		{9EE41F63-BA05-44F4-BEAA-AAE02E3343C5}.Release|Any CPU.Build.0 = Release|Any CPU
		{9EE41F63-BA05-44F4-BEAA-AAE02E3343C5}.Release|Any CPU.Deploy.0 = Release|Any CPU
		{9EE41F63-BA05-44F4-BEAA-AAE02E3343C5}.Release|ARM.ActiveCfg = Release|Any CPU
		{9EE41F63-BA05-44F4-BEAA-AAE02E3343C5}.Release|ARM.Build.0 = Release|Any CPU
		{9EE41F63-BA05-44F4-BEAA-AAE02E3343C5}.Release|ARM.Deploy.0 = Release|Any CPU
		{9EE41F63-BA05-44F4-BEAA-AAE02E3343C5}.Release|iPhone.ActiveCfg = Release|Any CPU
		{9EE41F63-BA05-44F4-BEAA-AAE02E3343C5}.Release|iPhone.Build.0 = Release|Any CPU
		{9EE41F63-BA05-44F4-BEAA-AAE02E3343C5}.Release|iPhone.Deploy.0 = Release|Any CPU
		{9EE41F63-BA05-44F4-BEAA-AAE02E3343C5}.Release|iPhoneSimulator.ActiveCfg = Release|Any CPU
		{9EE41F63-BA05-44F4-BEAA-AAE02E3343C5}.Release|iPhoneSimulator.Build.0 = Release|Any CPU
		{9EE41F63-BA05-44F4-BEAA-AAE02E3343C5}.Release|iPhoneSimulator.Deploy.0 = Release|Any CPU
		{9EE41F63-BA05-44F4-BEAA-AAE02E3343C5}.Release|x64.ActiveCfg = Release|Any CPU
		{9EE41F63-BA05-44F4-BEAA-AAE02E3343C5}.Release|x64.Build.0 = Release|Any CPU
		{9EE41F63-BA05-44F4-BEAA-AAE02E3343C5}.Release|x64.Deploy.0 = Release|Any CPU
		{9EE41F63-BA05-44F4-BEAA-AAE02E3343C5}.Release|x86.ActiveCfg = Release|Any CPU
		{9EE41F63-BA05-44F4-BEAA-AAE02E3343C5}.Release|x86.Build.0 = Release|Any CPU
		{9EE41F63-BA05-44F4-BEAA-AAE02E3343C5}.Release|x86.Deploy.0 = Release|Any CPU
		{82C68DAF-35EF-4B08-A2F5-BF4805562455}.Ad-Hoc|Any CPU.ActiveCfg = Ad-Hoc|iPhone
		{82C68DAF-35EF-4B08-A2F5-BF4805562455}.Ad-Hoc|ARM.ActiveCfg = Ad-Hoc|iPhone
		{82C68DAF-35EF-4B08-A2F5-BF4805562455}.Ad-Hoc|iPhone.ActiveCfg = Ad-Hoc|iPhone
		{82C68DAF-35EF-4B08-A2F5-BF4805562455}.Ad-Hoc|iPhone.Build.0 = Ad-Hoc|iPhone
		{82C68DAF-35EF-4B08-A2F5-BF4805562455}.Ad-Hoc|iPhoneSimulator.ActiveCfg = Ad-Hoc|iPhoneSimulator
		{82C68DAF-35EF-4B08-A2F5-BF4805562455}.Ad-Hoc|iPhoneSimulator.Build.0 = Ad-Hoc|iPhoneSimulator
		{82C68DAF-35EF-4B08-A2F5-BF4805562455}.Ad-Hoc|x64.ActiveCfg = Ad-Hoc|iPhone
		{82C68DAF-35EF-4B08-A2F5-BF4805562455}.Ad-Hoc|x86.ActiveCfg = Ad-Hoc|iPhone
		{82C68DAF-35EF-4B08-A2F5-BF4805562455}.AppStore|Any CPU.ActiveCfg = AppStore|iPhone
		{82C68DAF-35EF-4B08-A2F5-BF4805562455}.AppStore|ARM.ActiveCfg = AppStore|iPhone
		{82C68DAF-35EF-4B08-A2F5-BF4805562455}.AppStore|iPhone.ActiveCfg = AppStore|iPhone
		{82C68DAF-35EF-4B08-A2F5-BF4805562455}.AppStore|iPhone.Build.0 = AppStore|iPhone
		{82C68DAF-35EF-4B08-A2F5-BF4805562455}.AppStore|iPhoneSimulator.ActiveCfg = AppStore|iPhoneSimulator
		{82C68DAF-35EF-4B08-A2F5-BF4805562455}.AppStore|iPhoneSimulator.Build.0 = AppStore|iPhoneSimulator
		{82C68DAF-35EF-4B08-A2F5-BF4805562455}.AppStore|x64.ActiveCfg = AppStore|iPhone
		{82C68DAF-35EF-4B08-A2F5-BF4805562455}.AppStore|x86.ActiveCfg = AppStore|iPhone
		{82C68DAF-35EF-4B08-A2F5-BF4805562455}.Debug|Any CPU.ActiveCfg = Debug|iPhone
		{82C68DAF-35EF-4B08-A2F5-BF4805562455}.Debug|ARM.ActiveCfg = Debug|iPhone
		{82C68DAF-35EF-4B08-A2F5-BF4805562455}.Debug|iPhone.ActiveCfg = Debug|iPhone
		{82C68DAF-35EF-4B08-A2F5-BF4805562455}.Debug|iPhone.Build.0 = Debug|iPhone
		{82C68DAF-35EF-4B08-A2F5-BF4805562455}.Debug|iPhoneSimulator.ActiveCfg = Debug|iPhoneSimulator
		{82C68DAF-35EF-4B08-A2F5-BF4805562455}.Debug|iPhoneSimulator.Build.0 = Debug|iPhoneSimulator
		{82C68DAF-35EF-4B08-A2F5-BF4805562455}.Debug|x64.ActiveCfg = Debug|iPhone
		{82C68DAF-35EF-4B08-A2F5-BF4805562455}.Debug|x86.ActiveCfg = Debug|iPhone
		{82C68DAF-35EF-4B08-A2F5-BF4805562455}.Release|Any CPU.ActiveCfg = Release|iPhone
		{82C68DAF-35EF-4B08-A2F5-BF4805562455}.Release|ARM.ActiveCfg = Release|iPhone
		{82C68DAF-35EF-4B08-A2F5-BF4805562455}.Release|iPhone.ActiveCfg = Release|iPhone
		{82C68DAF-35EF-4B08-A2F5-BF4805562455}.Release|iPhone.Build.0 = Release|iPhone
		{82C68DAF-35EF-4B08-A2F5-BF4805562455}.Release|iPhoneSimulator.ActiveCfg = Release|iPhoneSimulator
		{82C68DAF-35EF-4B08-A2F5-BF4805562455}.Release|iPhoneSimulator.Build.0 = Release|iPhoneSimulator
		{82C68DAF-35EF-4B08-A2F5-BF4805562455}.Release|x64.ActiveCfg = Release|iPhone
		{82C68DAF-35EF-4B08-A2F5-BF4805562455}.Release|x86.ActiveCfg = Release|iPhone
		{B4899EBF-5026-41C6-9F9C-0A2A56B22EFA}.Ad-Hoc|Any CPU.ActiveCfg = Release|x86
		{B4899EBF-5026-41C6-9F9C-0A2A56B22EFA}.Ad-Hoc|Any CPU.Build.0 = Release|x86
		{B4899EBF-5026-41C6-9F9C-0A2A56B22EFA}.Ad-Hoc|Any CPU.Deploy.0 = Release|x86
		{B4899EBF-5026-41C6-9F9C-0A2A56B22EFA}.Ad-Hoc|ARM.ActiveCfg = Release|ARM
		{B4899EBF-5026-41C6-9F9C-0A2A56B22EFA}.Ad-Hoc|ARM.Build.0 = Release|ARM
		{B4899EBF-5026-41C6-9F9C-0A2A56B22EFA}.Ad-Hoc|ARM.Deploy.0 = Release|ARM
		{B4899EBF-5026-41C6-9F9C-0A2A56B22EFA}.Ad-Hoc|iPhone.ActiveCfg = Release|x86
		{B4899EBF-5026-41C6-9F9C-0A2A56B22EFA}.Ad-Hoc|iPhone.Build.0 = Release|x86
		{B4899EBF-5026-41C6-9F9C-0A2A56B22EFA}.Ad-Hoc|iPhone.Deploy.0 = Release|x86
		{B4899EBF-5026-41C6-9F9C-0A2A56B22EFA}.Ad-Hoc|iPhoneSimulator.ActiveCfg = Release|x86
		{B4899EBF-5026-41C6-9F9C-0A2A56B22EFA}.Ad-Hoc|iPhoneSimulator.Build.0 = Release|x86
		{B4899EBF-5026-41C6-9F9C-0A2A56B22EFA}.Ad-Hoc|iPhoneSimulator.Deploy.0 = Release|x86
		{B4899EBF-5026-41C6-9F9C-0A2A56B22EFA}.Ad-Hoc|x64.ActiveCfg = Release|x64
		{B4899EBF-5026-41C6-9F9C-0A2A56B22EFA}.Ad-Hoc|x64.Build.0 = Release|x64
		{B4899EBF-5026-41C6-9F9C-0A2A56B22EFA}.Ad-Hoc|x64.Deploy.0 = Release|x64
		{B4899EBF-5026-41C6-9F9C-0A2A56B22EFA}.Ad-Hoc|x86.ActiveCfg = Release|x86
		{B4899EBF-5026-41C6-9F9C-0A2A56B22EFA}.Ad-Hoc|x86.Build.0 = Release|x86
		{B4899EBF-5026-41C6-9F9C-0A2A56B22EFA}.Ad-Hoc|x86.Deploy.0 = Release|x86
		{B4899EBF-5026-41C6-9F9C-0A2A56B22EFA}.AppStore|Any CPU.ActiveCfg = Release|x86
		{B4899EBF-5026-41C6-9F9C-0A2A56B22EFA}.AppStore|Any CPU.Build.0 = Release|x86
		{B4899EBF-5026-41C6-9F9C-0A2A56B22EFA}.AppStore|Any CPU.Deploy.0 = Release|x86
		{B4899EBF-5026-41C6-9F9C-0A2A56B22EFA}.AppStore|ARM.ActiveCfg = Release|ARM
		{B4899EBF-5026-41C6-9F9C-0A2A56B22EFA}.AppStore|ARM.Build.0 = Release|ARM
		{B4899EBF-5026-41C6-9F9C-0A2A56B22EFA}.AppStore|ARM.Deploy.0 = Release|ARM
		{B4899EBF-5026-41C6-9F9C-0A2A56B22EFA}.AppStore|iPhone.ActiveCfg = Release|x86
		{B4899EBF-5026-41C6-9F9C-0A2A56B22EFA}.AppStore|iPhone.Build.0 = Release|x86
		{B4899EBF-5026-41C6-9F9C-0A2A56B22EFA}.AppStore|iPhone.Deploy.0 = Release|x86
		{B4899EBF-5026-41C6-9F9C-0A2A56B22EFA}.AppStore|iPhoneSimulator.ActiveCfg = Release|x86
		{B4899EBF-5026-41C6-9F9C-0A2A56B22EFA}.AppStore|iPhoneSimulator.Build.0 = Release|x86
		{B4899EBF-5026-41C6-9F9C-0A2A56B22EFA}.AppStore|iPhoneSimulator.Deploy.0 = Release|x86
		{B4899EBF-5026-41C6-9F9C-0A2A56B22EFA}.AppStore|x64.ActiveCfg = Release|x64
		{B4899EBF-5026-41C6-9F9C-0A2A56B22EFA}.AppStore|x64.Build.0 = Release|x64
		{B4899EBF-5026-41C6-9F9C-0A2A56B22EFA}.AppStore|x64.Deploy.0 = Release|x64
		{B4899EBF-5026-41C6-9F9C-0A2A56B22EFA}.AppStore|x86.ActiveCfg = Release|x86
		{B4899EBF-5026-41C6-9F9C-0A2A56B22EFA}.AppStore|x86.Build.0 = Release|x86
		{B4899EBF-5026-41C6-9F9C-0A2A56B22EFA}.AppStore|x86.Deploy.0 = Release|x86
		{B4899EBF-5026-41C6-9F9C-0A2A56B22EFA}.Debug|Any CPU.ActiveCfg = Debug|x86
		{B4899EBF-5026-41C6-9F9C-0A2A56B22EFA}.Debug|ARM.ActiveCfg = Debug|ARM
		{B4899EBF-5026-41C6-9F9C-0A2A56B22EFA}.Debug|ARM.Build.0 = Debug|ARM
		{B4899EBF-5026-41C6-9F9C-0A2A56B22EFA}.Debug|ARM.Deploy.0 = Debug|ARM
		{B4899EBF-5026-41C6-9F9C-0A2A56B22EFA}.Debug|iPhone.ActiveCfg = Debug|x86
		{B4899EBF-5026-41C6-9F9C-0A2A56B22EFA}.Debug|iPhoneSimulator.ActiveCfg = Debug|x86
		{B4899EBF-5026-41C6-9F9C-0A2A56B22EFA}.Debug|x64.ActiveCfg = Debug|x64
		{B4899EBF-5026-41C6-9F9C-0A2A56B22EFA}.Debug|x64.Build.0 = Debug|x64
		{B4899EBF-5026-41C6-9F9C-0A2A56B22EFA}.Debug|x64.Deploy.0 = Debug|x64
		{B4899EBF-5026-41C6-9F9C-0A2A56B22EFA}.Debug|x86.ActiveCfg = Debug|x86
		{B4899EBF-5026-41C6-9F9C-0A2A56B22EFA}.Debug|x86.Build.0 = Debug|x86
		{B4899EBF-5026-41C6-9F9C-0A2A56B22EFA}.Debug|x86.Deploy.0 = Debug|x86
		{B4899EBF-5026-41C6-9F9C-0A2A56B22EFA}.Release|Any CPU.ActiveCfg = Release|x86
		{B4899EBF-5026-41C6-9F9C-0A2A56B22EFA}.Release|ARM.ActiveCfg = Release|ARM
		{B4899EBF-5026-41C6-9F9C-0A2A56B22EFA}.Release|ARM.Build.0 = Release|ARM
		{B4899EBF-5026-41C6-9F9C-0A2A56B22EFA}.Release|ARM.Deploy.0 = Release|ARM
		{B4899EBF-5026-41C6-9F9C-0A2A56B22EFA}.Release|iPhone.ActiveCfg = Release|x86
		{B4899EBF-5026-41C6-9F9C-0A2A56B22EFA}.Release|iPhoneSimulator.ActiveCfg = Release|x86
		{B4899EBF-5026-41C6-9F9C-0A2A56B22EFA}.Release|x64.ActiveCfg = Release|x64
		{B4899EBF-5026-41C6-9F9C-0A2A56B22EFA}.Release|x64.Build.0 = Release|x64
		{B4899EBF-5026-41C6-9F9C-0A2A56B22EFA}.Release|x64.Deploy.0 = Release|x64
		{B4899EBF-5026-41C6-9F9C-0A2A56B22EFA}.Release|x86.ActiveCfg = Release|x86
		{B4899EBF-5026-41C6-9F9C-0A2A56B22EFA}.Release|x86.Build.0 = Release|x86
		{B4899EBF-5026-41C6-9F9C-0A2A56B22EFA}.Release|x86.Deploy.0 = Release|x86
		{0443093D-7F54-4667-B850-B274D464F08E}.Ad-Hoc|Any CPU.ActiveCfg = Debug|Any CPU
		{0443093D-7F54-4667-B850-B274D464F08E}.Ad-Hoc|Any CPU.Build.0 = Debug|Any CPU
		{0443093D-7F54-4667-B850-B274D464F08E}.Ad-Hoc|ARM.ActiveCfg = Debug|Any CPU
		{0443093D-7F54-4667-B850-B274D464F08E}.Ad-Hoc|ARM.Build.0 = Debug|Any CPU
		{0443093D-7F54-4667-B850-B274D464F08E}.Ad-Hoc|iPhone.ActiveCfg = Debug|Any CPU
		{0443093D-7F54-4667-B850-B274D464F08E}.Ad-Hoc|iPhone.Build.0 = Debug|Any CPU
		{0443093D-7F54-4667-B850-B274D464F08E}.Ad-Hoc|iPhoneSimulator.ActiveCfg = Debug|Any CPU
		{0443093D-7F54-4667-B850-B274D464F08E}.Ad-Hoc|iPhoneSimulator.Build.0 = Debug|Any CPU
		{0443093D-7F54-4667-B850-B274D464F08E}.Ad-Hoc|x64.ActiveCfg = Debug|Any CPU
		{0443093D-7F54-4667-B850-B274D464F08E}.Ad-Hoc|x64.Build.0 = Debug|Any CPU
		{0443093D-7F54-4667-B850-B274D464F08E}.Ad-Hoc|x86.ActiveCfg = Debug|Any CPU
		{0443093D-7F54-4667-B850-B274D464F08E}.Ad-Hoc|x86.Build.0 = Debug|Any CPU
		{0443093D-7F54-4667-B850-B274D464F08E}.AppStore|Any CPU.ActiveCfg = Debug|Any CPU
		{0443093D-7F54-4667-B850-B274D464F08E}.AppStore|Any CPU.Build.0 = Debug|Any CPU
		{0443093D-7F54-4667-B850-B274D464F08E}.AppStore|ARM.ActiveCfg = Debug|Any CPU
		{0443093D-7F54-4667-B850-B274D464F08E}.AppStore|ARM.Build.0 = Debug|Any CPU
		{0443093D-7F54-4667-B850-B274D464F08E}.AppStore|iPhone.ActiveCfg = Debug|Any CPU
		{0443093D-7F54-4667-B850-B274D464F08E}.AppStore|iPhone.Build.0 = Debug|Any CPU
		{0443093D-7F54-4667-B850-B274D464F08E}.AppStore|iPhoneSimulator.ActiveCfg = Debug|Any CPU
		{0443093D-7F54-4667-B850-B274D464F08E}.AppStore|iPhoneSimulator.Build.0 = Debug|Any CPU
		{0443093D-7F54-4667-B850-B274D464F08E}.AppStore|x64.ActiveCfg = Debug|Any CPU
		{0443093D-7F54-4667-B850-B274D464F08E}.AppStore|x64.Build.0 = Debug|Any CPU
		{0443093D-7F54-4667-B850-B274D464F08E}.AppStore|x86.ActiveCfg = Debug|Any CPU
		{0443093D-7F54-4667-B850-B274D464F08E}.AppStore|x86.Build.0 = Debug|Any CPU
		{0443093D-7F54-4667-B850-B274D464F08E}.Debug|Any CPU.ActiveCfg = Debug|Any CPU
		{0443093D-7F54-4667-B850-B274D464F08E}.Debug|Any CPU.Build.0 = Debug|Any CPU
		{0443093D-7F54-4667-B850-B274D464F08E}.Debug|ARM.ActiveCfg = Debug|Any CPU
		{0443093D-7F54-4667-B850-B274D464F08E}.Debug|ARM.Build.0 = Debug|Any CPU
		{0443093D-7F54-4667-B850-B274D464F08E}.Debug|iPhone.ActiveCfg = Debug|Any CPU
		{0443093D-7F54-4667-B850-B274D464F08E}.Debug|iPhone.Build.0 = Debug|Any CPU
		{0443093D-7F54-4667-B850-B274D464F08E}.Debug|iPhoneSimulator.ActiveCfg = Debug|Any CPU
		{0443093D-7F54-4667-B850-B274D464F08E}.Debug|iPhoneSimulator.Build.0 = Debug|Any CPU
		{0443093D-7F54-4667-B850-B274D464F08E}.Debug|x64.ActiveCfg = Debug|Any CPU
		{0443093D-7F54-4667-B850-B274D464F08E}.Debug|x64.Build.0 = Debug|Any CPU
		{0443093D-7F54-4667-B850-B274D464F08E}.Debug|x86.ActiveCfg = Debug|Any CPU
		{0443093D-7F54-4667-B850-B274D464F08E}.Debug|x86.Build.0 = Debug|Any CPU
		{0443093D-7F54-4667-B850-B274D464F08E}.Release|Any CPU.ActiveCfg = Release|Any CPU
		{0443093D-7F54-4667-B850-B274D464F08E}.Release|Any CPU.Build.0 = Release|Any CPU
		{0443093D-7F54-4667-B850-B274D464F08E}.Release|ARM.ActiveCfg = Release|Any CPU
		{0443093D-7F54-4667-B850-B274D464F08E}.Release|ARM.Build.0 = Release|Any CPU
		{0443093D-7F54-4667-B850-B274D464F08E}.Release|iPhone.ActiveCfg = Release|Any CPU
		{0443093D-7F54-4667-B850-B274D464F08E}.Release|iPhone.Build.0 = Release|Any CPU
		{0443093D-7F54-4667-B850-B274D464F08E}.Release|iPhoneSimulator.ActiveCfg = Release|Any CPU
		{0443093D-7F54-4667-B850-B274D464F08E}.Release|iPhoneSimulator.Build.0 = Release|Any CPU
		{0443093D-7F54-4667-B850-B274D464F08E}.Release|x64.ActiveCfg = Release|Any CPU
		{0443093D-7F54-4667-B850-B274D464F08E}.Release|x64.Build.0 = Release|Any CPU
		{0443093D-7F54-4667-B850-B274D464F08E}.Release|x86.ActiveCfg = Release|Any CPU
		{0443093D-7F54-4667-B850-B274D464F08E}.Release|x86.Build.0 = Release|Any CPU
		{DBD4695E-0F72-42AC-A6D3-CB967F15121A}.Ad-Hoc|Any CPU.ActiveCfg = Debug|Any CPU
		{DBD4695E-0F72-42AC-A6D3-CB967F15121A}.Ad-Hoc|Any CPU.Build.0 = Debug|Any CPU
		{DBD4695E-0F72-42AC-A6D3-CB967F15121A}.Ad-Hoc|ARM.ActiveCfg = Debug|Any CPU
		{DBD4695E-0F72-42AC-A6D3-CB967F15121A}.Ad-Hoc|ARM.Build.0 = Debug|Any CPU
		{DBD4695E-0F72-42AC-A6D3-CB967F15121A}.Ad-Hoc|iPhone.ActiveCfg = Debug|Any CPU
		{DBD4695E-0F72-42AC-A6D3-CB967F15121A}.Ad-Hoc|iPhone.Build.0 = Debug|Any CPU
		{DBD4695E-0F72-42AC-A6D3-CB967F15121A}.Ad-Hoc|iPhoneSimulator.ActiveCfg = Debug|Any CPU
		{DBD4695E-0F72-42AC-A6D3-CB967F15121A}.Ad-Hoc|iPhoneSimulator.Build.0 = Debug|Any CPU
		{DBD4695E-0F72-42AC-A6D3-CB967F15121A}.Ad-Hoc|x64.ActiveCfg = Debug|Any CPU
		{DBD4695E-0F72-42AC-A6D3-CB967F15121A}.Ad-Hoc|x64.Build.0 = Debug|Any CPU
		{DBD4695E-0F72-42AC-A6D3-CB967F15121A}.Ad-Hoc|x86.ActiveCfg = Debug|Any CPU
		{DBD4695E-0F72-42AC-A6D3-CB967F15121A}.Ad-Hoc|x86.Build.0 = Debug|Any CPU
		{DBD4695E-0F72-42AC-A6D3-CB967F15121A}.AppStore|Any CPU.ActiveCfg = Debug|Any CPU
		{DBD4695E-0F72-42AC-A6D3-CB967F15121A}.AppStore|Any CPU.Build.0 = Debug|Any CPU
		{DBD4695E-0F72-42AC-A6D3-CB967F15121A}.AppStore|ARM.ActiveCfg = Debug|Any CPU
		{DBD4695E-0F72-42AC-A6D3-CB967F15121A}.AppStore|ARM.Build.0 = Debug|Any CPU
		{DBD4695E-0F72-42AC-A6D3-CB967F15121A}.AppStore|iPhone.ActiveCfg = Debug|Any CPU
		{DBD4695E-0F72-42AC-A6D3-CB967F15121A}.AppStore|iPhone.Build.0 = Debug|Any CPU
		{DBD4695E-0F72-42AC-A6D3-CB967F15121A}.AppStore|iPhoneSimulator.ActiveCfg = Debug|Any CPU
		{DBD4695E-0F72-42AC-A6D3-CB967F15121A}.AppStore|iPhoneSimulator.Build.0 = Debug|Any CPU
		{DBD4695E-0F72-42AC-A6D3-CB967F15121A}.AppStore|x64.ActiveCfg = Debug|Any CPU
		{DBD4695E-0F72-42AC-A6D3-CB967F15121A}.AppStore|x64.Build.0 = Debug|Any CPU
		{DBD4695E-0F72-42AC-A6D3-CB967F15121A}.AppStore|x86.ActiveCfg = Debug|Any CPU
		{DBD4695E-0F72-42AC-A6D3-CB967F15121A}.AppStore|x86.Build.0 = Debug|Any CPU
		{DBD4695E-0F72-42AC-A6D3-CB967F15121A}.Debug|Any CPU.ActiveCfg = Debug|Any CPU
		{DBD4695E-0F72-42AC-A6D3-CB967F15121A}.Debug|Any CPU.Build.0 = Debug|Any CPU
		{DBD4695E-0F72-42AC-A6D3-CB967F15121A}.Debug|ARM.ActiveCfg = Debug|Any CPU
		{DBD4695E-0F72-42AC-A6D3-CB967F15121A}.Debug|ARM.Build.0 = Debug|Any CPU
		{DBD4695E-0F72-42AC-A6D3-CB967F15121A}.Debug|iPhone.ActiveCfg = Debug|Any CPU
		{DBD4695E-0F72-42AC-A6D3-CB967F15121A}.Debug|iPhone.Build.0 = Debug|Any CPU
		{DBD4695E-0F72-42AC-A6D3-CB967F15121A}.Debug|iPhoneSimulator.ActiveCfg = Debug|Any CPU
		{DBD4695E-0F72-42AC-A6D3-CB967F15121A}.Debug|iPhoneSimulator.Build.0 = Debug|Any CPU
		{DBD4695E-0F72-42AC-A6D3-CB967F15121A}.Debug|x64.ActiveCfg = Debug|Any CPU
		{DBD4695E-0F72-42AC-A6D3-CB967F15121A}.Debug|x64.Build.0 = Debug|Any CPU
		{DBD4695E-0F72-42AC-A6D3-CB967F15121A}.Debug|x86.ActiveCfg = Debug|Any CPU
		{DBD4695E-0F72-42AC-A6D3-CB967F15121A}.Debug|x86.Build.0 = Debug|Any CPU
		{DBD4695E-0F72-42AC-A6D3-CB967F15121A}.Release|Any CPU.ActiveCfg = Release|Any CPU
		{DBD4695E-0F72-42AC-A6D3-CB967F15121A}.Release|Any CPU.Build.0 = Release|Any CPU
		{DBD4695E-0F72-42AC-A6D3-CB967F15121A}.Release|ARM.ActiveCfg = Release|Any CPU
		{DBD4695E-0F72-42AC-A6D3-CB967F15121A}.Release|ARM.Build.0 = Release|Any CPU
		{DBD4695E-0F72-42AC-A6D3-CB967F15121A}.Release|iPhone.ActiveCfg = Release|Any CPU
		{DBD4695E-0F72-42AC-A6D3-CB967F15121A}.Release|iPhone.Build.0 = Release|Any CPU
		{DBD4695E-0F72-42AC-A6D3-CB967F15121A}.Release|iPhoneSimulator.ActiveCfg = Release|Any CPU
		{DBD4695E-0F72-42AC-A6D3-CB967F15121A}.Release|iPhoneSimulator.Build.0 = Release|Any CPU
		{DBD4695E-0F72-42AC-A6D3-CB967F15121A}.Release|x64.ActiveCfg = Release|Any CPU
		{DBD4695E-0F72-42AC-A6D3-CB967F15121A}.Release|x64.Build.0 = Release|Any CPU
		{DBD4695E-0F72-42AC-A6D3-CB967F15121A}.Release|x86.ActiveCfg = Release|Any CPU
		{DBD4695E-0F72-42AC-A6D3-CB967F15121A}.Release|x86.Build.0 = Release|Any CPU
		{E701A4BF-42B3-4199-AC82-2D800B026D68}.Ad-Hoc|Any CPU.ActiveCfg = Release|Any CPU
		{E701A4BF-42B3-4199-AC82-2D800B026D68}.Ad-Hoc|Any CPU.Build.0 = Release|Any CPU
		{E701A4BF-42B3-4199-AC82-2D800B026D68}.Ad-Hoc|ARM.ActiveCfg = Release|Any CPU
		{E701A4BF-42B3-4199-AC82-2D800B026D68}.Ad-Hoc|ARM.Build.0 = Release|Any CPU
		{E701A4BF-42B3-4199-AC82-2D800B026D68}.Ad-Hoc|iPhone.ActiveCfg = Release|Any CPU
		{E701A4BF-42B3-4199-AC82-2D800B026D68}.Ad-Hoc|iPhone.Build.0 = Release|Any CPU
		{E701A4BF-42B3-4199-AC82-2D800B026D68}.Ad-Hoc|iPhoneSimulator.ActiveCfg = Release|Any CPU
		{E701A4BF-42B3-4199-AC82-2D800B026D68}.Ad-Hoc|iPhoneSimulator.Build.0 = Release|Any CPU
		{E701A4BF-42B3-4199-AC82-2D800B026D68}.Ad-Hoc|x64.ActiveCfg = Release|Any CPU
		{E701A4BF-42B3-4199-AC82-2D800B026D68}.Ad-Hoc|x64.Build.0 = Release|Any CPU
		{E701A4BF-42B3-4199-AC82-2D800B026D68}.Ad-Hoc|x86.ActiveCfg = Release|Any CPU
		{E701A4BF-42B3-4199-AC82-2D800B026D68}.Ad-Hoc|x86.Build.0 = Release|Any CPU
		{E701A4BF-42B3-4199-AC82-2D800B026D68}.AppStore|Any CPU.ActiveCfg = Release|Any CPU
		{E701A4BF-42B3-4199-AC82-2D800B026D68}.AppStore|Any CPU.Build.0 = Release|Any CPU
		{E701A4BF-42B3-4199-AC82-2D800B026D68}.AppStore|ARM.ActiveCfg = Release|Any CPU
		{E701A4BF-42B3-4199-AC82-2D800B026D68}.AppStore|ARM.Build.0 = Release|Any CPU
		{E701A4BF-42B3-4199-AC82-2D800B026D68}.AppStore|iPhone.ActiveCfg = Release|Any CPU
		{E701A4BF-42B3-4199-AC82-2D800B026D68}.AppStore|iPhone.Build.0 = Release|Any CPU
		{E701A4BF-42B3-4199-AC82-2D800B026D68}.AppStore|iPhoneSimulator.ActiveCfg = Release|Any CPU
		{E701A4BF-42B3-4199-AC82-2D800B026D68}.AppStore|iPhoneSimulator.Build.0 = Release|Any CPU
		{E701A4BF-42B3-4199-AC82-2D800B026D68}.AppStore|x64.ActiveCfg = Release|Any CPU
		{E701A4BF-42B3-4199-AC82-2D800B026D68}.AppStore|x64.Build.0 = Release|Any CPU
		{E701A4BF-42B3-4199-AC82-2D800B026D68}.AppStore|x86.ActiveCfg = Release|Any CPU
		{E701A4BF-42B3-4199-AC82-2D800B026D68}.AppStore|x86.Build.0 = Release|Any CPU
		{E701A4BF-42B3-4199-AC82-2D800B026D68}.Debug|Any CPU.ActiveCfg = Debug|Any CPU
		{E701A4BF-42B3-4199-AC82-2D800B026D68}.Debug|Any CPU.Build.0 = Debug|Any CPU
		{E701A4BF-42B3-4199-AC82-2D800B026D68}.Debug|ARM.ActiveCfg = Debug|Any CPU
		{E701A4BF-42B3-4199-AC82-2D800B026D68}.Debug|ARM.Build.0 = Debug|Any CPU
		{E701A4BF-42B3-4199-AC82-2D800B026D68}.Debug|iPhone.ActiveCfg = Debug|Any CPU
		{E701A4BF-42B3-4199-AC82-2D800B026D68}.Debug|iPhone.Build.0 = Debug|Any CPU
		{E701A4BF-42B3-4199-AC82-2D800B026D68}.Debug|iPhoneSimulator.ActiveCfg = Debug|Any CPU
		{E701A4BF-42B3-4199-AC82-2D800B026D68}.Debug|iPhoneSimulator.Build.0 = Debug|Any CPU
		{E701A4BF-42B3-4199-AC82-2D800B026D68}.Debug|x64.ActiveCfg = Debug|Any CPU
		{E701A4BF-42B3-4199-AC82-2D800B026D68}.Debug|x64.Build.0 = Debug|Any CPU
		{E701A4BF-42B3-4199-AC82-2D800B026D68}.Debug|x86.ActiveCfg = Debug|Any CPU
		{E701A4BF-42B3-4199-AC82-2D800B026D68}.Debug|x86.Build.0 = Debug|Any CPU
		{E701A4BF-42B3-4199-AC82-2D800B026D68}.Release|Any CPU.ActiveCfg = Release|Any CPU
		{E701A4BF-42B3-4199-AC82-2D800B026D68}.Release|Any CPU.Build.0 = Release|Any CPU
		{E701A4BF-42B3-4199-AC82-2D800B026D68}.Release|ARM.ActiveCfg = Release|Any CPU
		{E701A4BF-42B3-4199-AC82-2D800B026D68}.Release|ARM.Build.0 = Release|Any CPU
		{E701A4BF-42B3-4199-AC82-2D800B026D68}.Release|iPhone.ActiveCfg = Release|Any CPU
		{E701A4BF-42B3-4199-AC82-2D800B026D68}.Release|iPhone.Build.0 = Release|Any CPU
		{E701A4BF-42B3-4199-AC82-2D800B026D68}.Release|iPhoneSimulator.ActiveCfg = Release|Any CPU
		{E701A4BF-42B3-4199-AC82-2D800B026D68}.Release|iPhoneSimulator.Build.0 = Release|Any CPU
		{E701A4BF-42B3-4199-AC82-2D800B026D68}.Release|x64.ActiveCfg = Release|Any CPU
		{E701A4BF-42B3-4199-AC82-2D800B026D68}.Release|x64.Build.0 = Release|Any CPU
		{E701A4BF-42B3-4199-AC82-2D800B026D68}.Release|x86.ActiveCfg = Release|Any CPU
		{E701A4BF-42B3-4199-AC82-2D800B026D68}.Release|x86.Build.0 = Release|Any CPU
		{62F81F74-36BF-45DC-B1C6-B7C84CF3127A}.Ad-Hoc|Any CPU.ActiveCfg = Release|Any CPU
		{62F81F74-36BF-45DC-B1C6-B7C84CF3127A}.Ad-Hoc|Any CPU.Build.0 = Release|Any CPU
		{62F81F74-36BF-45DC-B1C6-B7C84CF3127A}.Ad-Hoc|ARM.ActiveCfg = Release|Any CPU
		{62F81F74-36BF-45DC-B1C6-B7C84CF3127A}.Ad-Hoc|ARM.Build.0 = Release|Any CPU
		{62F81F74-36BF-45DC-B1C6-B7C84CF3127A}.Ad-Hoc|iPhone.ActiveCfg = Release|Any CPU
		{62F81F74-36BF-45DC-B1C6-B7C84CF3127A}.Ad-Hoc|iPhone.Build.0 = Release|Any CPU
		{62F81F74-36BF-45DC-B1C6-B7C84CF3127A}.Ad-Hoc|iPhoneSimulator.ActiveCfg = Release|Any CPU
		{62F81F74-36BF-45DC-B1C6-B7C84CF3127A}.Ad-Hoc|iPhoneSimulator.Build.0 = Release|Any CPU
		{62F81F74-36BF-45DC-B1C6-B7C84CF3127A}.Ad-Hoc|x64.ActiveCfg = Release|Any CPU
		{62F81F74-36BF-45DC-B1C6-B7C84CF3127A}.Ad-Hoc|x64.Build.0 = Release|Any CPU
		{62F81F74-36BF-45DC-B1C6-B7C84CF3127A}.Ad-Hoc|x86.ActiveCfg = Release|Any CPU
		{62F81F74-36BF-45DC-B1C6-B7C84CF3127A}.Ad-Hoc|x86.Build.0 = Release|Any CPU
		{62F81F74-36BF-45DC-B1C6-B7C84CF3127A}.AppStore|Any CPU.ActiveCfg = Release|Any CPU
		{62F81F74-36BF-45DC-B1C6-B7C84CF3127A}.AppStore|Any CPU.Build.0 = Release|Any CPU
		{62F81F74-36BF-45DC-B1C6-B7C84CF3127A}.AppStore|ARM.ActiveCfg = Release|Any CPU
		{62F81F74-36BF-45DC-B1C6-B7C84CF3127A}.AppStore|ARM.Build.0 = Release|Any CPU
		{62F81F74-36BF-45DC-B1C6-B7C84CF3127A}.AppStore|iPhone.ActiveCfg = Release|Any CPU
		{62F81F74-36BF-45DC-B1C6-B7C84CF3127A}.AppStore|iPhone.Build.0 = Release|Any CPU
		{62F81F74-36BF-45DC-B1C6-B7C84CF3127A}.AppStore|iPhoneSimulator.ActiveCfg = Release|Any CPU
		{62F81F74-36BF-45DC-B1C6-B7C84CF3127A}.AppStore|iPhoneSimulator.Build.0 = Release|Any CPU
		{62F81F74-36BF-45DC-B1C6-B7C84CF3127A}.AppStore|x64.ActiveCfg = Release|Any CPU
		{62F81F74-36BF-45DC-B1C6-B7C84CF3127A}.AppStore|x64.Build.0 = Release|Any CPU
		{62F81F74-36BF-45DC-B1C6-B7C84CF3127A}.AppStore|x86.ActiveCfg = Release|Any CPU
		{62F81F74-36BF-45DC-B1C6-B7C84CF3127A}.AppStore|x86.Build.0 = Release|Any CPU
		{62F81F74-36BF-45DC-B1C6-B7C84CF3127A}.Debug|Any CPU.ActiveCfg = Debug|Any CPU
		{62F81F74-36BF-45DC-B1C6-B7C84CF3127A}.Debug|Any CPU.Build.0 = Debug|Any CPU
		{62F81F74-36BF-45DC-B1C6-B7C84CF3127A}.Debug|ARM.ActiveCfg = Debug|Any CPU
		{62F81F74-36BF-45DC-B1C6-B7C84CF3127A}.Debug|ARM.Build.0 = Debug|Any CPU
		{62F81F74-36BF-45DC-B1C6-B7C84CF3127A}.Debug|iPhone.ActiveCfg = Debug|Any CPU
		{62F81F74-36BF-45DC-B1C6-B7C84CF3127A}.Debug|iPhone.Build.0 = Debug|Any CPU
		{62F81F74-36BF-45DC-B1C6-B7C84CF3127A}.Debug|iPhoneSimulator.ActiveCfg = Debug|Any CPU
		{62F81F74-36BF-45DC-B1C6-B7C84CF3127A}.Debug|iPhoneSimulator.Build.0 = Debug|Any CPU
		{62F81F74-36BF-45DC-B1C6-B7C84CF3127A}.Debug|x64.ActiveCfg = Debug|Any CPU
		{62F81F74-36BF-45DC-B1C6-B7C84CF3127A}.Debug|x64.Build.0 = Debug|Any CPU
		{62F81F74-36BF-45DC-B1C6-B7C84CF3127A}.Debug|x86.ActiveCfg = Debug|Any CPU
		{62F81F74-36BF-45DC-B1C6-B7C84CF3127A}.Debug|x86.Build.0 = Debug|Any CPU
		{62F81F74-36BF-45DC-B1C6-B7C84CF3127A}.Release|Any CPU.ActiveCfg = Release|Any CPU
		{62F81F74-36BF-45DC-B1C6-B7C84CF3127A}.Release|Any CPU.Build.0 = Release|Any CPU
		{62F81F74-36BF-45DC-B1C6-B7C84CF3127A}.Release|ARM.ActiveCfg = Release|Any CPU
		{62F81F74-36BF-45DC-B1C6-B7C84CF3127A}.Release|ARM.Build.0 = Release|Any CPU
		{62F81F74-36BF-45DC-B1C6-B7C84CF3127A}.Release|iPhone.ActiveCfg = Release|Any CPU
		{62F81F74-36BF-45DC-B1C6-B7C84CF3127A}.Release|iPhone.Build.0 = Release|Any CPU
		{62F81F74-36BF-45DC-B1C6-B7C84CF3127A}.Release|iPhoneSimulator.ActiveCfg = Release|Any CPU
		{62F81F74-36BF-45DC-B1C6-B7C84CF3127A}.Release|iPhoneSimulator.Build.0 = Release|Any CPU
		{62F81F74-36BF-45DC-B1C6-B7C84CF3127A}.Release|x64.ActiveCfg = Release|Any CPU
		{62F81F74-36BF-45DC-B1C6-B7C84CF3127A}.Release|x64.Build.0 = Release|Any CPU
		{62F81F74-36BF-45DC-B1C6-B7C84CF3127A}.Release|x86.ActiveCfg = Release|Any CPU
		{62F81F74-36BF-45DC-B1C6-B7C84CF3127A}.Release|x86.Build.0 = Release|Any CPU
	EndGlobalSection
	GlobalSection(SolutionProperties) = preSolution
		HideSolutionNode = FALSE
	EndGlobalSection
	GlobalSection(ExtensibilityGlobals) = postSolution
		SolutionGuid = {02893B49-C39F-4113-8386-FBE9C2597337}
	EndGlobalSection
EndGlobal
